
Microsoft Visual Studio Solution File, Format Version 12.00
# Visual Studio 15
VisualStudioVersion = 15.0.27004.2010
MinimumVisualStudioVersion = 10.0.40219.1
Project("{2150E333-8FDC-42A3-9474-1A3956D46DE8}") = "Shared", "Shared", "{FF5C74C1-012D-454A-8B6A-1659FDA86F25}"
EndProject
Project("{2150E333-8FDC-42A3-9474-1A3956D46DE8}") = "Server", "Server", "{05387E2B-7E58-4AA9-A9CC-F5D961BECD90}"
EndProject
Project("{2150E333-8FDC-42A3-9474-1A3956D46DE8}") = "Kitchen", "Kitchen", "{FE5BC7FC-EC5B-4140-BF1B-07DE959B652F}"
EndProject
Project("{2150E333-8FDC-42A3-9474-1A3956D46DE8}") = "Customer", "Customer", "{483020AC-296B-45C0-833A-F993A8EEFC22}"
EndProject
Project("{9A19103F-16F7-4668-BE54-9A1E7A4F7556}") = "RestaurantLib", "RestaurantLib\RestaurantLib.csproj", "{159F0E79-B786-4496-B3C1-6FE3D8F0E75B}"
EndProject
Project("{9A19103F-16F7-4668-BE54-9A1E7A4F7556}") = "RestaurantServer", "RestaurantServer\RestaurantServer.csproj", "{B0EF3242-1F4B-4C77-A3D6-7768576702F6}"
EndProject
Project("{9A19103F-16F7-4668-BE54-9A1E7A4F7556}") = "RestaurantKitchenConsole", "RestaurantKitchenConsole\RestaurantKitchenConsole.csproj", "{6418D859-CCE4-45F9-BC60-C6F6CF4CDDDA}"
EndProject
Project("{9A19103F-16F7-4668-BE54-9A1E7A4F7556}") = "KitchenLib", "KitchenLib\KitchenLib.csproj", "{E4556888-26D4-4EFD-B090-BA8387EF9C3A}"
EndProject
Global
	GlobalSection(SolutionConfigurationPlatforms) = preSolution
		Debug|Any CPU = Debug|Any CPU
		Release|Any CPU = Release|Any CPU
	EndGlobalSection
	GlobalSection(ProjectConfigurationPlatforms) = postSolution
		{159F0E79-B786-4496-B3C1-6FE3D8F0E75B}.Debug|Any CPU.ActiveCfg = Debug|Any CPU
		{159F0E79-B786-4496-B3C1-6FE3D8F0E75B}.Debug|Any CPU.Build.0 = Debug|Any CPU
		{159F0E79-B786-4496-B3C1-6FE3D8F0E75B}.Release|Any CPU.ActiveCfg = Release|Any CPU
		{159F0E79-B786-4496-B3C1-6FE3D8F0E75B}.Release|Any CPU.Build.0 = Release|Any CPU
		{B0EF3242-1F4B-4C77-A3D6-7768576702F6}.Debug|Any CPU.ActiveCfg = Debug|Any CPU
		{B0EF3242-1F4B-4C77-A3D6-7768576702F6}.Debug|Any CPU.Build.0 = Debug|Any CPU
		{B0EF3242-1F4B-4C77-A3D6-7768576702F6}.Release|Any CPU.ActiveCfg = Release|Any CPU
		{B0EF3242-1F4B-4C77-A3D6-7768576702F6}.Release|Any CPU.Build.0 = Release|Any CPU
		{6418D859-CCE4-45F9-BC60-C6F6CF4CDDDA}.Debug|Any CPU.ActiveCfg = Debug|Any CPU
		{6418D859-CCE4-45F9-BC60-C6F6CF4CDDDA}.Debug|Any CPU.Build.0 = Debug|Any CPU
		{6418D859-CCE4-45F9-BC60-C6F6CF4CDDDA}.Release|Any CPU.ActiveCfg = Release|Any CPU
		{6418D859-CCE4-45F9-BC60-C6F6CF4CDDDA}.Release|Any CPU.Build.0 = Release|Any CPU
		{E4556888-26D4-4EFD-B090-BA8387EF9C3A}.Debug|Any CPU.ActiveCfg = Debug|Any CPU
		{E4556888-26D4-4EFD-B090-BA8387EF9C3A}.Debug|Any CPU.Build.0 = Debug|Any CPU
		{E4556888-26D4-4EFD-B090-BA8387EF9C3A}.Release|Any CPU.ActiveCfg = Release|Any CPU
		{E4556888-26D4-4EFD-B090-BA8387EF9C3A}.Release|Any CPU.Build.0 = Release|Any CPU
	EndGlobalSection
	GlobalSection(SolutionProperties) = preSolution
		HideSolutionNode = FALSE
	EndGlobalSection
	GlobalSection(NestedProjects) = preSolution
		{159F0E79-B786-4496-B3C1-6FE3D8F0E75B} = {FF5C74C1-012D-454A-8B6A-1659FDA86F25}
		{B0EF3242-1F4B-4C77-A3D6-7768576702F6} = {05387E2B-7E58-4AA9-A9CC-F5D961BECD90}
		{6418D859-CCE4-45F9-BC60-C6F6CF4CDDDA} = {FE5BC7FC-EC5B-4140-BF1B-07DE959B652F}
		{E4556888-26D4-4EFD-B090-BA8387EF9C3A} = {FE5BC7FC-EC5B-4140-BF1B-07DE959B652F}
	EndGlobalSection
	GlobalSection(ExtensibilityGlobals) = postSolution
		SolutionGuid = {9182C991-62B2-4DB2-81D4-171CB0D22405}
	EndGlobalSection
EndGlobal
